
Microsoft Visual Studio Solution File, Format Version 12.00
# Visual Studio Version 16
VisualStudioVersion = 16.0.31205.134
MinimumVisualStudioVersion = 10.0.40219.1
Project("{9A19103F-16F7-4668-BE54-9A1E7A4F7556}") = "GenericRepository.EFCore", "GenericRepository.EFCore\GenericRepository.EFCore.csproj", "{588E77E3-DB1E-49B2-AD8D-154894598437}"
EndProject
Global
	GlobalSection(SolutionConfigurationPlatforms) = preSolution
		Debug|Any CPU = Debug|Any CPU
		Release|Any CPU = Release|Any CPU
	EndGlobalSection
	GlobalSection(ProjectConfigurationPlatforms) = postSolution
		{588E77E3-DB1E-49B2-AD8D-154894598437}.Debug|Any CPU.ActiveCfg = Debug|Any CPU
		{588E77E3-DB1E-49B2-AD8D-154894598437}.Debug|Any CPU.Build.0 = Debug|Any CPU
		{588E77E3-DB1E-49B2-AD8D-154894598437}.Release|Any CPU.ActiveCfg = Release|Any CPU
		{588E77E3-DB1E-49B2-AD8D-154894598437}.Release|Any CPU.Build.0 = Release|Any CPU
	EndGlobalSection
	GlobalSection(SolutionProperties) = preSolution
		HideSolutionNode = FALSE
	EndGlobalSection
	GlobalSection(ExtensibilityGlobals) = postSolution
		SolutionGuid = {7EF1B010-B55E-406F-82CB-F32DA8891F4D}
	EndGlobalSection
EndGlobal
